
Microsoft Visual Studio Solution File, Format Version 12.00
Project("{FAE04EC0-301F-11D3-BF4B-00C04F79EFBC}") = "WebSocketServer", "WebSocketServer.csproj", "{15C6D784-1F9B-4021-A5B7-5DE41BF6B4DB}"
EndProject
Global
	GlobalSection(SolutionConfigurationPlatforms) = preSolution
		Debug|Any CPU = Debug|Any CPU
		Release|Any CPU = Release|Any CPU
	EndGlobalSection
	GlobalSection(ProjectConfigurationPlatforms) = postSolution
		{15C6D784-1F9B-4021-A5B7-5DE41BF6B4DB}.Debug|Any CPU.ActiveCfg = Debug|Any CPU
		{15C6D784-1F9B-4021-A5B7-5DE41BF6B4DB}.Debug|Any CPU.Build.0 = Debug|Any CPU
		{15C6D784-1F9B-4021-A5B7-5DE41BF6B4DB}.Release|Any CPU.ActiveCfg = Release|Any CPU
		{15C6D784-1F9B-4021-A5B7-5DE41BF6B4DB}.Release|Any CPU.Build.0 = Release|Any CPU
	EndGlobalSection
EndGlobal
